{
  "name": "schoolos-api",
  "version": "1.0.0",
  "lockfileVersion": 3,
  "requires": true,
  "packages": {
    "": {
      "name": "schoolos-api",
      "version": "1.0.0",
      "dependencies": {
        "hono": "^4.0.0"
      },
      "devDependencies": {
        "@cloudflare/workers-types": "^4.20240208.0",
        "typescript": "^5.3.0",
        "wrangler": "^3.28.0"
      }
    }
  }
}
